// !$*UTF8*$!
{
	archiveVersion = 1;
	classes = {
	};
	objectVersion = 52;
	objects = {

/* Begin PBXBuildFile section */
		3E2085DE27D74A3500E32553 /* Text1App.swift in Sources */ = {isa = PBXBuildFile; fileRef = 3E2085DD27D74A3500E32553 /* Text1App.swift */; };
		3E2085E027D74A3500E32553 /* LoginPage.swift in Sources */ = {isa = PBXBuildFile; fileRef = 3E2085DF27D74A3500E32553 /* LoginPage.swift */; };
		3E2085E227D74A3D00E32553 /* Assets.xcassets in Resources */ = {isa = PBXBuildFile; fileRef = 3E2085E127D74A3D00E32553 /* Assets.xcassets */; };
		3E2085E527D74A3D00E32553 /* Preview Assets.xcassets in Resources */ = {isa = PBXBuildFile; fileRef = 3E2085E427D74A3D00E32553 /* Preview Assets.xcassets */; };
		3E2085F027D74A3E00E32553 /* Text1Tests.swift in Sources */ = {isa = PBXBuildFile; fileRef = 3E2085EF27D74A3E00E32553 /* Text1Tests.swift */; };
		3E2085FB27D74A3E00E32553 /* Text1UITests.swift in Sources */ = {isa = PBXBuildFile; fileRef = 3E2085FA27D74A3E00E32553 /* Text1UITests.swift */; };
		3E20861027D8AE2D00E32553 /* FirebaseAuth in Frameworks */ = {isa = PBXBuildFile; productRef = 3E20860F27D8AE2D00E32553 /* FirebaseAuth */; };
		3E20861227D8AE2D00E32553 /* FirebaseStorage in Frameworks */ = {isa = PBXBuildFile; productRef = 3E20861127D8AE2D00E32553 /* FirebaseStorage */; };
		3E20861727D8B1E300E32553 /* GoogleService-Info.plist in Resources */ = {isa = PBXBuildFile; fileRef = 3E20861627D8B1E300E32553 /* GoogleService-Info.plist */; };
		3EA8CED227DF439E001E02A5 /* ImagePicker.swift in Sources */ = {isa = PBXBuildFile; fileRef = 3EA8CED127DF439E001E02A5 /* ImagePicker.swift */; };
/* End PBXBuildFile section */

/* Begin PBXContainerItemProxy section */
		3E2085EC27D74A3E00E32553 /* PBXContainerItemProxy */ = {
			isa = PBXContainerItemProxy;
			containerPortal = 3E2085D227D74A3500E32553 /* Project object */;
			proxyType = 1;
			remoteGlobalIDString = 3E2085D927D74A3500E32553;
			remoteInfo = Text1;
		};
		3E2085F727D74A3E00E32553 /* PBXContainerItemProxy */ = {
			isa = PBXContainerItemProxy;
			containerPortal = 3E2085D227D74A3500E32553 /* Project object */;
			proxyType = 1;
			remoteGlobalIDString = 3E2085D927D74A3500E32553;
			remoteInfo = Text1;
		};
/* End PBXContainerItemProxy section */

/* Begin PBXFileReference section */
		3E2085DA27D74A3500E32553 /* Text1.app */ = {isa = PBXFileReference; explicitFileType = wrapper.application; includeInIndex = 0; path = Text1.app; sourceTree = BUILT_PRODUCTS_DIR; };
		3E2085DD27D74A3500E32553 /* Text1App.swift */ = {isa = PBXFileReference; lastKnownFileType = sourcecode.swift; path = Text1App.swift; sourceTree = "<group>"; };
		3E2085DF27D74A3500E32553 /* LoginPage.swift */ = {isa = PBXFileReference; lastKnownFileType = sourcecode.swift; path = LoginPage.swift; sourceTree = "<group>"; };
		3E2085E127D74A3D00E32553 /* Assets.xcassets */ = {isa = PBXFileReference; lastKnownFileType = folder.assetcatalog; path = Assets.xcassets; sourceTree = "<group>"; };
		3E2085E427D74A3D00E32553 /* Preview Assets.xcassets */ = {isa = PBXFileReference; lastKnownFileType = folder.assetcatalog; path = "Preview Assets.xcassets"; sourceTree = "<group>"; };
		3E2085E627D74A3D00E32553 /* Info.plist */ = {isa = PBXFileReference; lastKnownFileType = text.plist.xml; path = Info.plist; sourceTree = "<group>"; };
		3E2085EB27D74A3E00E32553 /* Text1Tests.xctest */ = {isa = PBXFileReference; explicitFileType = wrapper.cfbundle; includeInIndex = 0; path = Text1Tests.xctest; sourceTree = BUILT_PRODUCTS_DIR; };
		3E2085EF27D74A3E00E32553 /* Text1Tests.swift */ = {isa = PBXFileReference; lastKnownFileType = sourcecode.swift; path = Text1Tests.swift; sourceTree = "<group>"; };
		3E2085F127D74A3E00E32553 /* Info.plist */ = {isa = PBXFileReference; lastKnownFileType = text.plist.xml; path = Info.plist; sourceTree = "<group>"; };
		3E2085F627D74A3E00E32553 /* Text1UITests.xctest */ = {isa = PBXFileReference; explicitFileType = wrapper.cfbundle; includeInIndex = 0; path = Text1UITests.xctest; sourceTree = BUILT_PRODUCTS_DIR; };
		3E2085FA27D74A3E00E32553 /* Text1UITests.swift */ = {isa = PBXFileReference; lastKnownFileType = sourcecode.swift; path = Text1UITests.swift; sourceTree = "<group>"; };
		3E2085FC27D74A3E00E32553 /* Info.plist */ = {isa = PBXFileReference; lastKnownFileType = text.plist.xml; path = Info.plist; sourceTree = "<group>"; };
		3E20861627D8B1E300E32553 /* GoogleService-Info.plist */ = {isa = PBXFileReference; fileEncoding = 4; lastKnownFileType = text.plist.xml; name = "GoogleService-Info.plist"; path = "../../../Downloads/GoogleService-Info.plist"; sourceTree = "<group>"; };
		3EA8CED127DF439E001E02A5 /* ImagePicker.swift */ = {isa = PBXFileReference; lastKnownFileType = sourcecode.swift; path = ImagePicker.swift; sourceTree = SOURCE_ROOT; };
/* End PBXFileReference section */

/* Begin PBXFrameworksBuildPhase section */
		3E2085D727D74A3500E32553 /* Frameworks */ = {
			isa = PBXFrameworksBuildPhase;
			buildActionMask = 2147483647;
			files = (
				3E20861027D8AE2D00E32553 /* FirebaseAuth in Frameworks */,
				3E20861227D8AE2D00E32553 /* FirebaseStorage in Frameworks */,
			);
			runOnlyForDeploymentPostprocessing = 0;
		};
		3E2085E827D74A3E00E32553 /* Frameworks */ = {
			isa = PBXFrameworksBuildPhase;
			buildActionMask = 2147483647;
			files = (
			);
			runOnlyForDeploymentPostprocessing = 0;
		};
		3E2085F327D74A3E00E32553 /* Frameworks */ = {
			isa = PBXFrameworksBuildPhase;
			buildActionMask = 2147483647;
			files = (
			);
			runOnlyForDeploymentPostprocessing = 0;
		};
/* End PBXFrameworksBuildPhase section */

/* Begin PBXGroup section */
		3E2085D127D74A3500E32553 = {
			isa = PBXGroup;
			children = (
				3E2085DC27D74A3500E32553 /* Text1 */,
				3E2085EE27D74A3E00E32553 /* Text1Tests */,
				3E2085F927D74A3E00E32553 /* Text1UITests */,
				3E2085DB27D74A3500E32553 /* Products */,
			);
			sourceTree = "<group>";
		};
		3E2085DB27D74A3500E32553 /* Products */ = {
			isa = PBXGroup;
			children = (
				3E2085DA27D74A3500E32553 /* Text1.app */,
				3E2085EB27D74A3E00E32553 /* Text1Tests.xctest */,
				3E2085F627D74A3E00E32553 /* Text1UITests.xctest */,
			);
			name = Products;
			sourceTree = "<group>";
		};
		3E2085DC27D74A3500E32553 /* Text1 */ = {
			isa = PBXGroup;
			children = (
				3E2085DD27D74A3500E32553 /* Text1App.swift */,
				3E2085DF27D74A3500E32553 /* LoginPage.swift */,
				3E20861627D8B1E300E32553 /* GoogleService-Info.plist */,
				3E2085E127D74A3D00E32553 /* Assets.xcassets */,
				3EA8CED127DF439E001E02A5 /* ImagePicker.swift */,
				3E2085E627D74A3D00E32553 /* Info.plist */,
				3E2085E327D74A3D00E32553 /* Preview Content */,
			);
			path = Text1;
			sourceTree = "<group>";
		};
		3E2085E327D74A3D00E32553 /* Preview Content */ = {
			isa = PBXGroup;
			children = (
				3E2085E427D74A3D00E32553 /* Preview Assets.xcassets */,
			);
			path = "Preview Content";
			sourceTree = "<group>";
		};
		3E2085EE27D74A3E00E32553 /* Text1Tests */ = {
			isa = PBXGroup;
			children = (
				3E2085EF27D74A3E00E32553 /* Text1Tests.swift */,
				3E2085F127D74A3E00E32553 /* Info.plist */,
			);
			path = Text1Tests;
			sourceTree = "<group>";
		};
		3E2085F927D74A3E00E32553 /* Text1UITests */ = {
			isa = PBXGroup;
			children = (
				3E2085FA27D74A3E00E32553 /* Text1UITests.swift */,
				3E2085FC27D74A3E00E32553 /* Info.plist */,
			);
			path = Text1UITests;
			sourceTree = "<group>";
		};
/* End PBXGroup section */

/* Begin PBXNativeTarget section */
		3E2085D927D74A3500E32553 /* Text1 */ = {
			isa = PBXNativeTarget;
			buildConfigurationList = 3E2085FF27D74A3E00E32553 /* Build configuration list for PBXNativeTarget "Text1" */;
			buildPhases = (
				3E2085D627D74A3500E32553 /* Sources */,
				3E2085D727D74A3500E32553 /* Frameworks */,
				3E2085D827D74A3500E32553 /* Resources */,
			);
			buildRules = (
			);
			dependencies = (
			);
			name = Text1;
			packageProductDependencies = (
				3E20860F27D8AE2D00E32553 /* FirebaseAuth */,
				3E20861127D8AE2D00E32553 /* FirebaseStorage */,
			);
			productName = Text1;
			productReference = 3E2085DA27D74A3500E32553 /* Text1.app */;
			productType = "com.apple.product-type.application";
		};
		3E2085EA27D74A3E00E32553 /* Text1Tests */ = {
			isa = PBXNativeTarget;
			buildConfigurationList = 3E20860227D74A3E00E32553 /* Build configuration list for PBXNativeTarget "Text1Tests" */;
			buildPhases = (
				3E2085E727D74A3E00E32553 /* Sources */,
				3E2085E827D74A3E00E32553 /* Frameworks */,
				3E2085E927D74A3E00E32553 /* Resources */,
			);
			buildRules = (
			);
			dependencies = (
				3E2085ED27D74A3E00E32553 /* PBXTargetDependency */,
			);
			name = Text1Tests;
			productName = Text1Tests;
			productReference = 3E2085EB27D74A3E00E32553 /* Text1Tests.xctest */;
			productType = "com.apple.product-type.bundle.unit-test";
		};
		3E2085F527D74A3E00E32553 /* Text1UITests */ = {
			isa = PBXNativeTarget;
			buildConfigurationList = 3E20860527D74A3E00E32553 /* Build configuration list for PBXNativeTarget "Text1UITests" */;
			buildPhases = (
				3E2085F227D74A3E00E32553 /* Sources */,
				3E2085F327D74A3E00E32553 /* Frameworks */,
				3E2085F427D74A3E00E32553 /* Resources */,
			);
			buildRules = (
			);
			dependencies = (
				3E2085F827D74A3E00E32553 /* PBXTargetDependency */,
			);
			name = Text1UITests;
			productName = Text1UITests;
			productReference = 3E2085F627D74A3E00E32553 /* Text1UITests.xctest */;
			productType = "com.apple.product-type.bundle.ui-testing";
		};
/* End PBXNativeTarget section */

/* Begin PBXProject section */
		3E2085D227D74A3500E32553 /* Project object */ = {
			isa = PBXProject;
			attributes = {
				LastSwiftUpdateCheck = 1240;
				LastUpgradeCheck = 1240;
				TargetAttributes = {
					3E2085D927D74A3500E32553 = {
						CreatedOnToolsVersion = 12.4;
					};
					3E2085EA27D74A3E00E32553 = {
						CreatedOnToolsVersion = 12.4;
						TestTargetID = 3E2085D927D74A3500E32553;
					};
					3E2085F527D74A3E00E32553 = {
						CreatedOnToolsVersion = 12.4;
						TestTargetID = 3E2085D927D74A3500E32553;
					};
				};
			};
			buildConfigurationList = 3E2085D527D74A3500E32553 /* Build configuration list for PBXProject "Text1" */;
			compatibilityVersion = "Xcode 9.3";
			developmentRegion = en;
			hasScannedForEncodings = 0;
			knownRegions = (
				en,
				Base,
			);
			mainGroup = 3E2085D127D74A3500E32553;
			packageReferences = (
				3E20860E27D8AE2D00E32553 /* XCRemoteSwiftPackageReference "firebase-ios-sdk" */,
			);
			productRefGroup = 3E2085DB27D74A3500E32553 /* Products */;
			projectDirPath = "";
			projectRoot = "";
			targets = (
				3E2085D927D74A3500E32553 /* Text1 */,
				3E2085EA27D74A3E00E32553 /* Text1Tests */,
				3E2085F527D74A3E00E32553 /* Text1UITests */,
			);
		};
/* End PBXProject section */

/* Begin PBXResourcesBuildPhase section */
		3E2085D827D74A3500E32553 /* Resources */ = {
			isa = PBXResourcesBuildPhase;
			buildActionMask = 2147483647;
			files = (
				3E2085E527D74A3D00E32553 /* Preview Assets.xcassets in Resources */,
				3E2085E227D74A3D00E32553 /* Assets.xcassets in Resources */,
				3E20861727D8B1E300E32553 /* GoogleService-Info.plist in Resources */,
			);
			runOnlyForDeploymentPostprocessing = 0;
		};
		3E2085E927D74A3E00E32553 /* Resources */ = {
			isa = PBXResourcesBuildPhase;
			buildActionMask = 2147483647;
			files = (
			);
			runOnlyForDeploymentPostprocessing = 0;
		};
		3E2085F427D74A3E00E32553 /* Resources */ = {
			isa = PBXResourcesBuildPhase;
			buildActionMask = 2147483647;
			files = (
			);
			runOnlyForDeploymentPostprocessing = 0;
		};
/* End PBXResourcesBuildPhase section */

/* Begin PBXSourcesBuildPhase section */
		3E2085D627D74A3500E32553 /* Sources */ = {
			isa = PBXSourcesBuildPhase;
			buildActionMask = 2147483647;
			files = (
				3EA8CED227DF439E001E02A5 /* ImagePicker.swift in Sources */,
				3E2085E027D74A3500E32553 /* LoginPage.swift in Sources */,
				3E2085DE27D74A3500E32553 /* Text1App.swift in Sources */,
			);
			runOnlyForDeploymentPostprocessing = 0;
		};
		3E2085E727D74A3E00E32553 /* Sources */ = {
			isa = PBXSourcesBuildPhase;
			buildActionMask = 2147483647;
			files = (
				3E2085F027D74A3E00E32553 /* Text1Tests.swift in Sources */,
			);
			runOnlyForDeploymentPostprocessing = 0;
		};
		3E2085F227D74A3E00E32553 /* Sources */ = {
			isa = PBXSourcesBuildPhase;
			buildActionMask = 2147483647;
			files = (
				3E2085FB27D74A3E00E32553 /* Text1UITests.swift in Sources */,
			);
			runOnlyForDeploymentPostprocessing = 0;
		};
/* End PBXSourcesBuildPhase section */

/* Begin PBXTargetDependency section */
		3E2085ED27D74A3E00E32553 /* PBXTargetDependency */ = {
			isa = PBXTargetDependency;
			target = 3E2085D927D74A3500E32553 /* Text1 */;
			targetProxy = 3E2085EC27D74A3E00E32553 /* PBXContainerItemProxy */;
		};
		3E2085F827D74A3E00E32553 /* PBXTargetDependency */ = {
			isa = PBXTargetDependency;
			target = 3E2085D927D74A3500E32553 /* Text1 */;
			targetProxy = 3E2085F727D74A3E00E32553 /* PBXContainerItemProxy */;
		};
/* End PBXTargetDependency section */

/* Begin XCBuildConfiguration section */
		3E2085FD27D74A3E00E32553 /* Debug */ = {
			isa = XCBuildConfiguration;
			buildSettings = {
				ALWAYS_SEARCH_USER_PATHS = NO;
				CLANG_ANALYZER_NONNULL = YES;
				CLANG_ANALYZER_NUMBER_OBJECT_CONVERSION = YES_AGGRESSIVE;
				CLANG_CXX_LANGUAGE_STANDARD = "gnu++14";
				CLANG_CXX_LIBRARY = "libc++";
				CLANG_ENABLE_MODULES = YES;
				CLANG_ENABLE_OBJC_ARC = YES;
				CLANG_ENABLE_OBJC_WEAK = YES;
				CLANG_WARN_BLOCK_CAPTURE_AUTORELEASING = YES;
				CLANG_WARN_BOOL_CONVERSION = YES;
				CLANG_WARN_COMMA = YES;
				CLANG_WARN_CONSTANT_CONVERSION = YES;
				CLANG_WARN_DEPRECATED_OBJC_IMPLEMENTATIONS = YES;
				CLANG_WARN_DIRECT_OBJC_ISA_USAGE = YES_ERROR;
				CLANG_WARN_DOCUMENTATION_COMMENTS = YES;
				CLANG_WARN_EMPTY_BODY = YES;
				CLANG_WARN_ENUM_CONVERSION = YES;
				CLANG_WARN_INFINITE_RECURSION = YES;
				CLANG_WARN_INT_CONVERSION = YES;
				CLANG_WARN_NON_LITERAL_NULL_CONVERSION = YES;
				CLANG_WARN_OBJC_IMPLICIT_RETAIN_SELF = YES;
				CLANG_WARN_OBJC_LITERAL_CONVERSION = YES;
				CLANG_WARN_OBJC_ROOT_CLASS = YES_ERROR;
				CLANG_WARN_QUOTED_INCLUDE_IN_FRAMEWORK_HEADER = YES;
				CLANG_WARN_RANGE_LOOP_ANALYSIS = YES;
				CLANG_WARN_STRICT_PROTOTYPES = YES;
				CLANG_WARN_SUSPICIOUS_MOVE = YES;
				CLANG_WARN_UNGUARDED_AVAILABILITY = YES_AGGRESSIVE;
				CLANG_WARN_UNREACHABLE_CODE = YES;
				CLANG_WARN__DUPLICATE_METHOD_MATCH = YES;
				COPY_PHASE_STRIP = NO;
				DEBUG_INFORMATION_FORMAT = dwarf;
				ENABLE_STRICT_OBJC_MSGSEND = YES;
				ENABLE_TESTABILITY = YES;
				GCC_C_LANGUAGE_STANDARD = gnu11;
				GCC_DYNAMIC_NO_PIC = NO;
				GCC_NO_COMMON_BLOCKS = YES;
				GCC_OPTIMIZATION_LEVEL = 0;
				GCC_PREPROCESSOR_DEFINITIONS = (
					"DEBUG=1",
					"$(inherited)",
				);
				GCC_WARN_64_TO_32_BIT_CONVERSION = YES;
				GCC_WARN_ABOUT_RETURN_TYPE = YES_ERROR;
				GCC_WARN_UNDECLARED_SELECTOR = YES;
				GCC_WARN_UNINITIALIZED_AUTOS = YES_AGGRESSIVE;
				GCC_WARN_UNUSED_FUNCTION = YES;
				GCC_WARN_UNUSED_VARIABLE = YES;
				IPHONEOS_DEPLOYMENT_TARGET = 14.4;
				MTL_ENABLE_DEBUG_INFO = INCLUDE_SOURCE;
				MTL_FAST_MATH = YES;
				ONLY_ACTIVE_ARCH = YES;
				SDKROOT = iphoneos;
				SWIFT_ACTIVE_COMPILATION_CONDITIONS = DEBUG;
				SWIFT_OPTIMIZATION_LEVEL = "-Onone";
			};
			name = Debug;
		};
		3E2085FE27D74A3E00E32553 /* Release */ = {
			isa = XCBuildConfiguration;
			buildSettings = {
				ALWAYS_SEARCH_USER_PATHS = NO;
				CLANG_ANALYZER_NONNULL = YES;
				CLANG_ANALYZER_NUMBER_OBJECT_CONVERSION = YES_AGGRESSIVE;
				CLANG_CXX_LANGUAGE_STANDARD = "gnu++14";
				CLANG_CXX_LIBRARY = "libc++";
				CLANG_ENABLE_MODULES = YES;
				CLANG_ENABLE_OBJC_ARC = YES;
				CLANG_ENABLE_OBJC_WEAK = YES;
				CLANG_WARN_BLOCK_CAPTURE_AUTORELEASING = YES;
				CLANG_WARN_BOOL_CONVERSION = YES;
				CLANG_WARN_COMMA = YES;
				CLANG_WARN_CONSTANT_CONVERSION = YES;
				CLANG_WARN_DEPRECATED_OBJC_IMPLEMENTATIONS = YES;
				CLANG_WARN_DIRECT_OBJC_ISA_USAGE = YES_ERROR;
				CLANG_WARN_DOCUMENTATION_COMMENTS = YES;
				CLANG_WARN_EMPTY_BODY = YES;
				CLANG_WARN_ENUM_CONVERSION = YES;
				CLANG_WARN_INFINITE_RECURSION = YES;
				CLANG_WARN_INT_CONVERSION = YES;
				CLANG_WARN_NON_LITERAL_NULL_CONVERSION = YES;
				CLANG_WARN_OBJC_IMPLICIT_RETAIN_SELF = YES;
				CLANG_WARN_OBJC_LITERAL_CONVERSION = YES;
				CLANG_WARN_OBJC_ROOT_CLASS = YES_ERROR;
				CLANG_WARN_QUOTED_INCLUDE_IN_FRAMEWORK_HEADER = YES;
				CLANG_WARN_RANGE_LOOP_ANALYSIS = YES;
				CLANG_WARN_STRICT_PROTOTYPES = YES;
				CLANG_WARN_SUSPICIOUS_MOVE = YES;
				CLANG_WARN_UNGUARDED_AVAILABILITY = YES_AGGRESSIVE;
				CLANG_WARN_UNREACHABLE_CODE = YES;
				CLANG_WARN__DUPLICATE_METHOD_MATCH = YES;
				COPY_PHASE_STRIP = NO;
				DEBUG_INFORMATION_FORMAT = "dwarf-with-dsym";
				ENABLE_NS_ASSERTIONS = NO;
				ENABLE_STRICT_OBJC_MSGSEND = YES;
				GCC_C_LANGUAGE_STANDARD = gnu11;
				GCC_NO_COMMON_BLOCKS = YES;
				GCC_WARN_64_TO_32_BIT_CONVERSION = YES;
				GCC_WARN_ABOUT_RETURN_TYPE = YES_ERROR;
				GCC_WARN_UNDECLARED_SELECTOR = YES;
				GCC_WARN_UNINITIALIZED_AUTOS = YES_AGGRESSIVE;
				GCC_WARN_UNUSED_FUNCTION = YES;
				GCC_WARN_UNUSED_VARIABLE = YES;
				IPHONEOS_DEPLOYMENT_TARGET = 14.4;
				MTL_ENABLE_DEBUG_INFO = NO;
				MTL_FAST_MATH = YES;
				SDKROOT = iphoneos;
				SWIFT_COMPILATION_MODE = wholemodule;
				SWIFT_OPTIMIZATION_LEVEL = "-O";
				VALIDATE_PRODUCT = YES;
			};
			name = Release;
		};
		3E20860027D74A3E00E32553 /* Debug */ = {
			isa = XCBuildConfiguration;
			buildSettings = {
				ASSETCATALOG_COMPILER_APPICON_NAME = AppIcon;
				ASSETCATALOG_COMPILER_GLOBAL_ACCENT_COLOR_NAME = AccentColor;
				CODE_SIGN_STYLE = Automatic;
				DEVELOPMENT_ASSET_PATHS = "\"Text1/Preview Content\"";
				ENABLE_PREVIEWS = YES;
				INFOPLIST_FILE = Text1/Info.plist;
				IPHONEOS_DEPLOYMENT_TARGET = 14.0;
				LD_RUNPATH_SEARCH_PATHS = (
					"$(inherited)",
					"@executable_path/Frameworks",
				);
				PRODUCT_BUNDLE_IDENTIFIER = kandy.Text1;
				PRODUCT_NAME = "$(TARGET_NAME)";
				SWIFT_VERSION = 5.0;
				TARGETED_DEVICE_FAMILY = "1,2";
			};
			name = Debug;
		};
		3E20860127D74A3E00E32553 /* Release */ = {
			isa = XCBuildConfiguration;
			buildSettings = {
				ASSETCATALOG_COMPILER_APPICON_NAME = AppIcon;
				ASSETCATALOG_COMPILER_GLOBAL_ACCENT_COLOR_NAME = AccentColor;
				CODE_SIGN_STYLE = Automatic;
				DEVELOPMENT_ASSET_PATHS = "\"Text1/Preview Content\"";
				ENABLE_PREVIEWS = YES;
				INFOPLIST_FILE = Text1/Info.plist;
				IPHONEOS_DEPLOYMENT_TARGET = 14.0;
				LD_RUNPATH_SEARCH_PATHS = (
					"$(inherited)",
					"@executable_path/Frameworks",
				);
				PRODUCT_BUNDLE_IDENTIFIER = kandy.Text1;
				PRODUCT_NAME = "$(TARGET_NAME)";
				SWIFT_VERSION = 5.0;
				TARGETED_DEVICE_FAMILY = "1,2";
			};
			name = Release;
		};
		3E20860327D74A3E00E32553 /* Debug */ = {
			isa = XCBuildConfiguration;
			buildSettings = {
				ALWAYS_EMBED_SWIFT_STANDARD_LIBRARIES = YES;
				BUNDLE_LOADER = "$(TEST_HOST)";
				CODE_SIGN_STYLE = Automatic;
				INFOPLIST_FILE = Text1Tests/Info.plist;
				IPHONEOS_DEPLOYMENT_TARGET = 14.0;
				LD_RUNPATH_SEARCH_PATHS = (
					"$(inherited)",
					"@executable_path/Frameworks",
					"@loader_path/Frameworks",
				);
				PRODUCT_BUNDLE_IDENTIFIER = kandy.Text1Tests;
				PRODUCT_NAME = "$(TARGET_NAME)";
				SWIFT_VERSION = 5.0;
				TARGETED_DEVICE_FAMILY = "1,2";
				TEST_HOST = "$(BUILT_PRODUCTS_DIR)/Text1.app/Text1";
			};
			name = Debug;
		};
		3E20860427D74A3E00E32553 /* Release */ = {
			isa = XCBuildConfiguration;
			buildSettings = {
				ALWAYS_EMBED_SWIFT_STANDARD_LIBRARIES = YES;
				BUNDLE_LOADER = "$(TEST_HOST)";
				CODE_SIGN_STYLE = Automatic;
				INFOPLIST_FILE = Text1Tests/Info.plist;
				IPHONEOS_DEPLOYMENT_TARGET = 14.0;
				LD_RUNPATH_SEARCH_PATHS = (
					"$(inherited)",
					"@executable_path/Frameworks",
					"@loader_path/Frameworks",
				);
				PRODUCT_BUNDLE_IDENTIFIER = kandy.Text1Tests;
				PRODUCT_NAME = "$(TARGET_NAME)";
				SWIFT_VERSION = 5.0;
				TARGETED_DEVICE_FAMILY = "1,2";
				TEST_HOST = "$(BUILT_PRODUCTS_DIR)/Text1.app/Text1";
			};
			name = Release;
		};
		3E20860627D74A3E00E32553 /* Debug */ = {
			isa = XCBuildConfiguration;
			buildSettings = {
				ALWAYS_EMBED_SWIFT_STANDARD_LIBRARIES = YES;
				CODE_SIGN_STYLE = Automatic;
				INFOPLIST_FILE = Text1UITests/Info.plist;
				LD_RUNPATH_SEARCH_PATHS = (
					"$(inherited)",
					"@executable_path/Frameworks",
					"@loader_path/Frameworks",
				);
				PRODUCT_BUNDLE_IDENTIFIER = kandy.Text1UITests;
				PRODUCT_NAME = "$(TARGET_NAME)";
				SWIFT_VERSION = 5.0;
				TARGETED_DEVICE_FAMILY = "1,2";
				TEST_TARGET_NAME = Text1;
			};
			name = Debug;
		};
		3E20860727D74A3E00E32553 /* Release */ = {
			isa = XCBuildConfiguration;
			buildSettings = {
				ALWAYS_EMBED_SWIFT_STANDARD_LIBRARIES = YES;
				CODE_SIGN_STYLE = Automatic;
				INFOPLIST_FILE = Text1UITests/Info.plist;
				LD_RUNPATH_SEARCH_PATHS = (
					"$(inherited)",
					"@executable_path/Frameworks",
					"@loader_path/Frameworks",
				);
				PRODUCT_BUNDLE_IDENTIFIER = kandy.Text1UITests;
				PRODUCT_NAME = "$(TARGET_NAME)";
				SWIFT_VERSION = 5.0;
				TARGETED_DEVICE_FAMILY = "1,2";
				TEST_TARGET_NAME = Text1;
			};
			name = Release;
		};
/* End XCBuildConfiguration section */

/* Begin XCConfigurationList section */
		3E2085D527D74A3500E32553 /* Build configuration list for PBXProject "Text1" */ = {
			isa = XCConfigurationList;
			buildConfigurations = (
				3E2085FD27D74A3E00E32553 /* Debug */,
				3E2085FE27D74A3E00E32553 /* Release */,
			);
			defaultConfigurationIsVisible = 0;
			defaultConfigurationName = Release;
		};
		3E2085FF27D74A3E00E32553 /* Build configuration list for PBXNativeTarget "Text1" */ = {
			isa = XCConfigurationList;
			buildConfigurations = (
				3E20860027D74A3E00E32553 /* Debug */,
				3E20860127D74A3E00E32553 /* Release */,
			);
			defaultConfigurationIsVisible = 0;
			defaultConfigurationName = Release;
		};
		3E20860227D74A3E00E32553 /* Build configuration list for PBXNativeTarget "Text1Tests" */ = {
			isa = XCConfigurationList;
			buildConfigurations = (
				3E20860327D74A3E00E32553 /* Debug */,
				3E20860427D74A3E00E32553 /* Release */,
			);
			defaultConfigurationIsVisible = 0;
			defaultConfigurationName = Release;
		};
		3E20860527D74A3E00E32553 /* Build configuration list for PBXNativeTarget "Text1UITests" */ = {
			isa = XCConfigurationList;
			buildConfigurations = (
				3E20860627D74A3E00E32553 /* Debug */,
				3E20860727D74A3E00E32553 /* Release */,
			);
			defaultConfigurationIsVisible = 0;
			defaultConfigurationName = Release;
		};
/* End XCConfigurationList section */

/* Begin XCRemoteSwiftPackageReference section */
		3E20860E27D8AE2D00E32553 /* XCRemoteSwiftPackageReference "firebase-ios-sdk" */ = {
			isa = XCRemoteSwiftPackageReference;
			repositoryURL = "https://github.com/firebase/firebase-ios-sdk.git";
			requirement = {
				kind = upToNextMajorVersion;
				minimumVersion = 8.13.0;
			};
		};
/* End XCRemoteSwiftPackageReference section */

/* Begin XCSwiftPackageProductDependency section */
		3E20860F27D8AE2D00E32553 /* FirebaseAuth */ = {
			isa = XCSwiftPackageProductDependency;
			package = 3E20860E27D8AE2D00E32553 /* XCRemoteSwiftPackageReference "firebase-ios-sdk" */;
			productName = FirebaseAuth;
		};
		3E20861127D8AE2D00E32553 /* FirebaseStorage */ = {
			isa = XCSwiftPackageProductDependency;
			package = 3E20860E27D8AE2D00E32553 /* XCRemoteSwiftPackageReference "firebase-ios-sdk" */;
			productName = FirebaseStorage;
		};
/* End XCSwiftPackageProductDependency section */
	};
	rootObject = 3E2085D227D74A3500E32553 /* Project object */;
}
